<?xml version="1.0" encoding="UTF-8"?>
<!DOCTYPE plist PUBLIC "-//Apple//DTD PLIST 1.0//EN" "http://www.apple.com/DTDs/PropertyList-1.0.dtd">
<plist version="1.0">
<dict>
	<key>archiveVersion</key>
	<string>1</string>
	<key>classes</key>
	<dict/>
	<key>objectVersion</key>
	<string>46</string>
	<key>objects</key>
	<dict>
		<key>051fdb3b32fdb3d486ca37f3</key>
		<dict>
			<key>fileRef</key>
			<string>10C5E4431A81BBAB0071C934</string>
			<key>isa</key>
			<string>PBXBuildFile</string>
		</dict>
		<key>09326367909bf1e7d77eb03d</key>
		<dict>
			<key>buildConfigurations</key>
			<array>
				<string>cd326409fcc242e1f3d51a11</string>
				<string>c3a2c04426d820383ba86bac</string>
			</array>
			<key>defaultConfigurationIsVisible</key>
			<string>0</string>
			<key>defaultConfigurationName</key>
			<string>Release</string>
			<key>isa</key>
			<string>XCConfigurationList</string>
		</dict>
		<key>1014755C1AAA414400EB3239</key>
		<dict>
			<key>isa</key>
			<string>PBXFileReference</string>
			<key>lastKnownFileType</key>
			<string>image.jpeg</string>
			<key>path</key>
			<string>hdstd-rockies.JPG</string>
			<key>sourceTree</key>
			<string>&lt;group&gt;</string>
		</dict>
		<key>1014755D1AAA414400EB3239</key>
		<dict>
			<key>fileRef</key>
			<string>1014755C1AAA414400EB3239</string>
			<key>isa</key>
			<string>PBXBuildFile</string>
		</dict>
		<key>1014755E1AAB45C600EB3239</key>
		<dict>
			<key>isa</key>
			<string>PBXFileReference</string>
			<key>lastKnownFileType</key>
			<string>image.png</string>
			<key>path</key>
			<string>wheel.png</string>
			<key>sourceTree</key>
			<string>&lt;group&gt;</string>
		</dict>
		<key>1014755F1AAB45C700EB3239</key>
		<dict>
			<key>fileRef</key>
			<string>1014755E1AAB45C600EB3239</string>
			<key>isa</key>
			<string>PBXBuildFile</string>
		</dict>
		<key>101475641AAD1F5300EB3239</key>
		<dict>
			<key>fileEncoding</key>
			<string>4</string>
			<key>isa</key>
			<string>PBXFileReference</string>
			<key>lastKnownFileType</key>
			<string>sourcecode.swift</string>
			<key>path</key>
			<string>AddUserPhotoViewController.swift</string>
			<key>sourceTree</key>
			<string>&lt;group&gt;</string>
		</dict>
		<key>101475651AAD1F5300EB3239</key>
		<dict>
			<key>fileRef</key>
			<string>101475641AAD1F5300EB3239</string>
			<key>isa</key>
			<string>PBXBuildFile</string>
		</dict>
		<key>10495F211ADAF27000C0E618</key>
		<dict>
			<key>fileEncoding</key>
			<string>4</string>
			<key>isa</key>
			<string>PBXFileReference</string>
			<key>lastKnownFileType</key>
			<string>sourcecode.swift</string>
			<key>name</key>
			<string>Utilities.swift</string>
			<key>path</key>
			<string>Common/Utilities.swift</string>
			<key>sourceTree</key>
			<string>&lt;group&gt;</string>
		</dict>
		<key>10495F221ADAF27000C0E618</key>
		<dict>
			<key>fileRef</key>
			<string>10495F211ADAF27000C0E618</string>
			<key>isa</key>
			<string>PBXBuildFile</string>
		</dict>
		<key>1076FE111AE097260080A7BA</key>
		<dict>
			<key>children</key>
			<array>
				<string>7e798c5adb7d451f07c714e1</string>
				<string>52896627cdd6528c9e9afc3e</string>
			</array>
			<key>isa</key>
			<string>PBXGroup</string>
			<key>name</key>
			<string>Frameworks</string>
			<key>path</key>
			<string></string>
			<key>sourceTree</key>
			<string>&lt;group&gt;</string>
		</dict>
		<key>10C05E7C1ABF65B200BB7726</key>
		<dict>
			<key>fileEncoding</key>
			<string>4</string>
			<key>isa</key>
			<string>PBXFileReference</string>
			<key>lastKnownFileType</key>
			<string>sourcecode.swift</string>
			<key>path</key>
			<string>AsanaPhoto.swift</string>
			<key>sourceTree</key>
			<string>&lt;group&gt;</string>
		</dict>
		<key>10C05E7D1ABF65B200BB7726</key>
		<dict>
			<key>fileRef</key>
			<string>10C05E7C1ABF65B200BB7726</string>
			<key>isa</key>
			<string>PBXBuildFile</string>
		</dict>
		<key>10C05E7E1ABF775600BB7726</key>
		<dict>
			<key>isa</key>
			<string>PBXFileReference</string>
			<key>lastKnownFileType</key>
			<string>image.jpeg</string>
			<key>path</key>
			<string>hdstd-funkyLegs.JPG</string>
			<key>sourceTree</key>
			<string>&lt;group&gt;</string>
		</dict>
		<key>10C05E7F1ABF775600BB7726</key>
		<dict>
			<key>fileRef</key>
			<string>10C05E7E1ABF775600BB7726</string>
			<key>isa</key>
			<string>PBXBuildFile</string>
		</dict>
		<key>10C494AF1AC4F71700E27737</key>
		<dict>
			<key>isa</key>
			<string>PBXFileReference</string>
			<key>lastKnownFileType</key>
			<string>sourcecode.c.h</string>
			<key>path</key>
			<string>Pragati-Bridging-Header.h</string>
			<key>sourceTree</key>
			<string>&lt;group&gt;</string>
		</dict>
		<key>10C494B01AC4F71800E27737</key>
		<dict>
			<key>fileEncoding</key>
			<string>4</string>
			<key>isa</key>
			<string>PBXFileReference</string>
			<key>lastKnownFileType</key>
			<string>sourcecode.c.h</string>
			<key>path</key>
			<string>DownwardFacingDog.h</string>
			<key>sourceTree</key>
			<string>&lt;group&gt;</string>
		</dict>
		<key>10C494B11AC4F71800E27737</key>
		<dict>
			<key>fileEncoding</key>
			<string>4</string>
			<key>isa</key>
			<string>PBXFileReference</string>
			<key>lastKnownFileType</key>
			<string>sourcecode.c.objc</string>
			<key>path</key>
			<string>DownwardFacingDog.m</string>
			<key>sourceTree</key>
			<string>&lt;group&gt;</string>
		</dict>
		<key>10C494B21AC4F71800E27737</key>
		<dict>
			<key>fileRef</key>
			<string>10C494B11AC4F71800E27737</string>
			<key>isa</key>
			<string>PBXBuildFile</string>
		</dict>
		<key>10C5E40B1A8072800071C934</key>
		<dict>
			<key>children</key>
			<array>
				<string>1076FE111AE097260080A7BA</string>
				<string>10C5E4161A8072800071C934</string>
				<string>10C5E42E1A8072810071C934</string>
				<string>10C5E4151A8072800071C934</string>
			</array>
			<key>isa</key>
			<string>PBXGroup</string>
			<key>sourceTree</key>
			<string>&lt;group&gt;</string>
		</dict>
		<key>10C5E40C1A8072800071C934</key>
		<dict>
			<key>attributes</key>
			<dict>
				<key>LastUpgradeCheck</key>
				<string>0610</string>
				<key>ORGANIZATIONNAME</key>
				<string>LoveLeJess</string>
				<key>TargetAttributes</key>
				<dict>
					<key>10C5E4131A8072800071C934</key>
					<dict>
						<key>CreatedOnToolsVersion</key>
						<string>6.1.1</string>
						<key>DevelopmentTeam</key>
						<string>N993RX34M3</string>
					</dict>
					<key>10C5E42A1A8072810071C934</key>
					<dict>
						<key>CreatedOnToolsVersion</key>
						<string>6.1.1</string>
						<key>TestTargetID</key>
						<string>10C5E4131A8072800071C934</string>
					</dict>
				</dict>
			</dict>
			<key>buildConfigurationList</key>
			<string>10C5E40F1A8072800071C934</string>
			<key>compatibilityVersion</key>
			<string>Xcode 3.2</string>
			<key>developmentRegion</key>
			<string>English</string>
			<key>hasScannedForEncodings</key>
			<string>0</string>
			<key>isa</key>
			<string>PBXProject</string>
			<key>knownRegions</key>
			<array>
				<string>en</string>
				<string>Base</string>
			</array>
			<key>mainGroup</key>
			<string>10C5E40B1A8072800071C934</string>
			<key>productRefGroup</key>
			<string>10C5E4151A8072800071C934</string>
			<key>projectDirPath</key>
			<string></string>
			<key>projectRoot</key>
			<string></string>
			<key>targets</key>
			<array>
				<string>10C5E4131A8072800071C934</string>
				<string>10C5E42A1A8072810071C934</string>
				<string>60cb0ba27e18bd9815afe49c</string>
			</array>
		</dict>
		<key>10C5E40F1A8072800071C934</key>
		<dict>
			<key>buildConfigurations</key>
			<array>
				<string>10C5E4331A8072810071C934</string>
				<string>10C5E4341A8072810071C934</string>
			</array>
			<key>defaultConfigurationIsVisible</key>
			<string>0</string>
			<key>defaultConfigurationName</key>
			<string>Release</string>
			<key>isa</key>
			<string>XCConfigurationList</string>
		</dict>
		<key>10C5E4101A8072800071C934</key>
		<dict>
			<key>buildActionMask</key>
			<string>2147483647</string>
			<key>files</key>
			<array>
				<string>10D1B0CA1ACCE5EE008217DA</string>
				<string>10C5E4401A80794C0071C934</string>
				<string>10C5E43E1A8078C80071C934</string>
				<string>10D1B0C41ACCE5ED008217DA</string>
				<string>10D1B0D31AD5F093008217DA</string>
				<string>10C712A41AAA39D0003CAE20</string>
				<string>10495F221ADAF27000C0E618</string>
				<string>10C6C7781AC3798F009B274A</string>
				<string>10C5E41E1A8072800071C934</string>
				<string>10C494B21AC4F71800E27737</string>
				<string>10C05E7D1ABF65B200BB7726</string>
				<string>10C712A21AA8F8C2003CAE20</string>
				<string>10D1B0C71ACCE5EE008217DA</string>
				<string>10C5E4441A81BBAB0071C934</string>
				<string>10C5E41A1A8072800071C934</string>
				<string>10C712A01AA8ECBA003CAE20</string>
				<string>10C5E4691A81D4B20071C934</string>
				<string>101475651AAD1F5300EB3239</string>
			</array>
			<key>isa</key>
			<string>PBXSourcesBuildPhase</string>
			<key>runOnlyForDeploymentPostprocessing</key>
			<string>0</string>
		</dict>
		<key>10C5E4111A8072800071C934</key>
		<dict>
			<key>buildActionMask</key>
			<string>2147483647</string>
			<key>files</key>
			<array/>
			<key>isa</key>
			<string>PBXFrameworksBuildPhase</string>
			<key>runOnlyForDeploymentPostprocessing</key>
			<string>0</string>
		</dict>
		<key>10C5E4121A8072800071C934</key>
		<dict>
			<key>buildActionMask</key>
			<string>2147483647</string>
			<key>files</key>
			<array>
				<string>10C5E4211A8072800071C934</string>
				<string>10C5E4261A8072800071C934</string>
				<string>10C5E4631A81D0340071C934</string>
				<string>1014755D1AAA414400EB3239</string>
				<string>10C5E4231A8072800071C934</string>
				<string>1014755F1AAB45C700EB3239</string>
				<string>10C05E7F1ABF775600BB7726</string>
				<string>10DEDCFD1AB7CB0500C4283F</string>
			</array>
			<key>isa</key>
			<string>PBXResourcesBuildPhase</string>
			<key>runOnlyForDeploymentPostprocessing</key>
			<string>0</string>
		</dict>
		<key>10C5E4131A8072800071C934</key>
		<dict>
			<key>buildConfigurationList</key>
			<string>10C5E4351A8072810071C934</string>
			<key>buildPhases</key>
			<array>
				<string>10C5E4101A8072800071C934</string>
				<string>10C5E4111A8072800071C934</string>
				<string>10C5E4121A8072800071C934</string>
			</array>
			<key>buildRules</key>
			<array/>
			<key>dependencies</key>
			<array/>
			<key>isa</key>
			<string>PBXNativeTarget</string>
			<key>name</key>
			<string>Pragati</string>
			<key>productName</key>
			<string>Pragati</string>
			<key>productReference</key>
			<string>10C5E4141A8072800071C934</string>
			<key>productType</key>
			<string>com.apple.product-type.application</string>
		</dict>
		<key>10C5E4141A8072800071C934</key>
		<dict>
			<key>explicitFileType</key>
			<string>wrapper.application</string>
			<key>includeInIndex</key>
			<string>0</string>
			<key>isa</key>
			<string>PBXFileReference</string>
			<key>path</key>
			<string>Pragati.app</string>
			<key>sourceTree</key>
			<string>BUILT_PRODUCTS_DIR</string>
		</dict>
		<key>10C5E4151A8072800071C934</key>
		<dict>
			<key>children</key>
			<array>
				<string>10C5E4141A8072800071C934</string>
				<string>10C5E42B1A8072810071C934</string>
			</array>
			<key>isa</key>
			<string>PBXGroup</string>
			<key>name</key>
			<string>Products</string>
			<key>sourceTree</key>
			<string>&lt;group&gt;</string>
		</dict>
		<key>10C5E4161A8072800071C934</key>
		<dict>
			<key>children</key>
			<array>
				<string>10D1B0CB1ACCE67F008217DA</string>
				<string>101475641AAD1F5300EB3239</string>
				<string>10C5E4681A81D4B20071C934</string>
				<string>10C5E4191A8072800071C934</string>
				<string>10C5E41D1A8072800071C934</string>
				<string>10C5E41F1A8072800071C934</string>
				<string>10C7129F1AA8ECBA003CAE20</string>
				<string>10495F211ADAF27000C0E618</string>
				<string>10C5E4611A81D0340071C934</string>
				<string>10C5E43B1A8078890071C934</string>
				<string>10C5E43D1A8078C80071C934</string>
				<string>10C5E4431A81BBAB0071C934</string>
				<string>10C5E43F1A80794C0071C934</string>
				<string>10C05E7C1ABF65B200BB7726</string>
				<string>10C5E4221A8072800071C934</string>
				<string>10C5E4241A8072800071C934</string>
				<string>10C5E4171A8072800071C934</string>
				<string>10C5E46A1A8DA5CF0071C934</string>
				<string>10C712A31AAA39D0003CAE20</string>
				<string>10C712A11AA8F8C2003CAE20</string>
			</array>
			<key>isa</key>
			<string>PBXGroup</string>
			<key>path</key>
			<string>Pragati</string>
			<key>sourceTree</key>
			<string>&lt;group&gt;</string>
		</dict>
		<key>10C5E4171A8072800071C934</key>
		<dict>
			<key>children</key>
			<array>
				<string>10C5E4181A8072800071C934</string>
			</array>
			<key>isa</key>
			<string>PBXGroup</string>
			<key>name</key>
			<string>Supporting Files</string>
			<key>sourceTree</key>
			<string>&lt;group&gt;</string>
		</dict>
		<key>10C5E4181A8072800071C934</key>
		<dict>
			<key>isa</key>
			<string>PBXFileReference</string>
			<key>lastKnownFileType</key>
			<string>text.plist.xml</string>
			<key>path</key>
			<string>Info.plist</string>
			<key>sourceTree</key>
			<string>&lt;group&gt;</string>
		</dict>
		<key>10C5E4191A8072800071C934</key>
		<dict>
			<key>isa</key>
			<string>PBXFileReference</string>
			<key>lastKnownFileType</key>
			<string>sourcecode.swift</string>
			<key>path</key>
			<string>AppDelegate.swift</string>
			<key>sourceTree</key>
			<string>&lt;group&gt;</string>
		</dict>
		<key>10C5E41A1A8072800071C934</key>
		<dict>
			<key>fileRef</key>
			<string>10C5E4191A8072800071C934</string>
			<key>isa</key>
			<string>PBXBuildFile</string>
		</dict>
		<key>10C5E41D1A8072800071C934</key>
		<dict>
			<key>isa</key>
			<string>PBXFileReference</string>
			<key>lastKnownFileType</key>
			<string>sourcecode.swift</string>
			<key>path</key>
			<string>SecondViewController.swift</string>
			<key>sourceTree</key>
			<string>&lt;group&gt;</string>
		</dict>
		<key>10C5E41E1A8072800071C934</key>
		<dict>
			<key>fileRef</key>
			<string>10C5E41D1A8072800071C934</string>
			<key>isa</key>
			<string>PBXBuildFile</string>
		</dict>
		<key>10C5E41F1A8072800071C934</key>
		<dict>
			<key>children</key>
			<array>
				<string>10C5E4201A8072800071C934</string>
			</array>
			<key>isa</key>
			<string>PBXVariantGroup</string>
			<key>name</key>
			<string>Main.storyboard</string>
			<key>sourceTree</key>
			<string>&lt;group&gt;</string>
		</dict>
		<key>10C5E4201A8072800071C934</key>
		<dict>
			<key>isa</key>
			<string>PBXFileReference</string>
			<key>lastKnownFileType</key>
			<string>file.storyboard</string>
			<key>name</key>
			<string>Base</string>
			<key>path</key>
			<string>Base.lproj/Main.storyboard</string>
			<key>sourceTree</key>
			<string>&lt;group&gt;</string>
		</dict>
		<key>10C5E4211A8072800071C934</key>
		<dict>
			<key>fileRef</key>
			<string>10C5E41F1A8072800071C934</string>
			<key>isa</key>
			<string>PBXBuildFile</string>
		</dict>
		<key>10C5E4221A8072800071C934</key>
		<dict>
			<key>isa</key>
			<string>PBXFileReference</string>
			<key>lastKnownFileType</key>
			<string>folder.assetcatalog</string>
			<key>path</key>
			<string>Images.xcassets</string>
			<key>sourceTree</key>
			<string>&lt;group&gt;</string>
		</dict>
		<key>10C5E4231A8072800071C934</key>
		<dict>
			<key>fileRef</key>
			<string>10C5E4221A8072800071C934</string>
			<key>isa</key>
			<string>PBXBuildFile</string>
		</dict>
		<key>10C5E4241A8072800071C934</key>
		<dict>
			<key>children</key>
			<array>
				<string>10C5E4251A8072800071C934</string>
			</array>
			<key>isa</key>
			<string>PBXVariantGroup</string>
			<key>name</key>
			<string>LaunchScreen.xib</string>
			<key>sourceTree</key>
			<string>&lt;group&gt;</string>
		</dict>
		<key>10C5E4251A8072800071C934</key>
		<dict>
			<key>isa</key>
			<string>PBXFileReference</string>
			<key>lastKnownFileType</key>
			<string>file.xib</string>
			<key>name</key>
			<string>Base</string>
			<key>path</key>
			<string>Base.lproj/LaunchScreen.xib</string>
			<key>sourceTree</key>
			<string>&lt;group&gt;</string>
		</dict>
		<key>10C5E4261A8072800071C934</key>
		<dict>
			<key>fileRef</key>
			<string>10C5E4241A8072800071C934</string>
			<key>isa</key>
			<string>PBXBuildFile</string>
		</dict>
		<key>10C5E4271A8072810071C934</key>
		<dict>
			<key>buildActionMask</key>
			<string>2147483647</string>
			<key>files</key>
			<array>
				<string>10D1B0DD1AD5FFD3008217DA</string>
				<string>10D1B0D91AD5F0F0008217DA</string>
				<string>10C5E4321A8072810071C934</string>
			</array>
			<key>isa</key>
			<string>PBXSourcesBuildPhase</string>
			<key>runOnlyForDeploymentPostprocessing</key>
			<string>0</string>
		</dict>
		<key>10C5E4281A8072810071C934</key>
		<dict>
			<key>buildActionMask</key>
			<string>2147483647</string>
			<key>files</key>
			<array/>
			<key>isa</key>
			<string>PBXFrameworksBuildPhase</string>
			<key>runOnlyForDeploymentPostprocessing</key>
			<string>0</string>
		</dict>
		<key>10C5E4291A8072810071C934</key>
		<dict>
			<key>buildActionMask</key>
			<string>2147483647</string>
			<key>files</key>
			<array/>
			<key>isa</key>
			<string>PBXResourcesBuildPhase</string>
			<key>runOnlyForDeploymentPostprocessing</key>
			<string>0</string>
		</dict>
		<key>10C5E42A1A8072810071C934</key>
		<dict>
			<key>buildConfigurationList</key>
			<string>10C5E4381A8072810071C934</string>
			<key>buildPhases</key>
			<array>
				<string>10C5E4271A8072810071C934</string>
				<string>10C5E4281A8072810071C934</string>
				<string>10C5E4291A8072810071C934</string>
			</array>
			<key>buildRules</key>
			<array/>
			<key>dependencies</key>
			<array>
				<string>10C5E42D1A8072810071C934</string>
			</array>
			<key>isa</key>
			<string>PBXNativeTarget</string>
			<key>name</key>
			<string>PragatiTests</string>
			<key>productName</key>
			<string>PragatiTests</string>
			<key>productReference</key>
			<string>10C5E42B1A8072810071C934</string>
			<key>productType</key>
			<string>com.apple.product-type.bundle.unit-test</string>
		</dict>
		<key>10C5E42B1A8072810071C934</key>
		<dict>
			<key>explicitFileType</key>
			<string>wrapper.cfbundle</string>
			<key>includeInIndex</key>
			<string>0</string>
			<key>isa</key>
			<string>PBXFileReference</string>
			<key>path</key>
			<string>PragatiTests.xctest</string>
			<key>sourceTree</key>
			<string>BUILT_PRODUCTS_DIR</string>
		</dict>
		<key>10C5E42C1A8072810071C934</key>
		<dict>
			<key>containerPortal</key>
			<string>10C5E40C1A8072800071C934</string>
			<key>isa</key>
			<string>PBXContainerItemProxy</string>
			<key>proxyType</key>
			<string>1</string>
			<key>remoteGlobalIDString</key>
			<string>10C5E4131A8072800071C934</string>
			<key>remoteInfo</key>
			<string>Pragati</string>
		</dict>
		<key>10C5E42D1A8072810071C934</key>
		<dict>
			<key>isa</key>
			<string>PBXTargetDependency</string>
			<key>target</key>
			<string>10C5E4131A8072800071C934</string>
			<key>targetProxy</key>
			<string>10C5E42C1A8072810071C934</string>
		</dict>
		<key>10C5E42E1A8072810071C934</key>
		<dict>
			<key>children</key>
			<array>
				<string>10C5E4311A8072810071C934</string>
				<string>10C5E42F1A8072810071C934</string>
				<string>10D1B0CC1ACE29D9008217DA</string>
			</array>
			<key>isa</key>
			<string>PBXGroup</string>
			<key>path</key>
			<string>PragatiTests</string>
			<key>sourceTree</key>
			<string>&lt;group&gt;</string>
		</dict>
		<key>10C5E42F1A8072810071C934</key>
		<dict>
			<key>children</key>
			<array>
				<string>10C5E4301A8072810071C934</string>
			</array>
			<key>isa</key>
			<string>PBXGroup</string>
			<key>name</key>
			<string>Supporting Files</string>
			<key>sourceTree</key>
			<string>&lt;group&gt;</string>
		</dict>
		<key>10C5E4301A8072810071C934</key>
		<dict>
			<key>isa</key>
			<string>PBXFileReference</string>
			<key>lastKnownFileType</key>
			<string>text.plist.xml</string>
			<key>path</key>
			<string>Info.plist</string>
			<key>sourceTree</key>
			<string>&lt;group&gt;</string>
		</dict>
		<key>10C5E4311A8072810071C934</key>
		<dict>
			<key>isa</key>
			<string>PBXFileReference</string>
			<key>lastKnownFileType</key>
			<string>sourcecode.swift</string>
			<key>path</key>
			<string>PragatiTests.swift</string>
			<key>sourceTree</key>
			<string>&lt;group&gt;</string>
		</dict>
		<key>10C5E4321A8072810071C934</key>
		<dict>
			<key>fileRef</key>
			<string>10C5E4311A8072810071C934</string>
			<key>isa</key>
			<string>PBXBuildFile</string>
		</dict>
		<key>10C5E4331A8072810071C934</key>
		<dict>
			<key>buildSettings</key>
			<dict>
				<key>ALWAYS_SEARCH_USER_PATHS</key>
				<string>NO</string>
				<key>CLANG_CXX_LANGUAGE_STANDARD</key>
				<string>gnu++0x</string>
				<key>CLANG_CXX_LIBRARY</key>
				<string>libc++</string>
				<key>CLANG_ENABLE_MODULES</key>
				<string>YES</string>
				<key>CLANG_ENABLE_OBJC_ARC</key>
				<string>YES</string>
				<key>CLANG_WARN_BOOL_CONVERSION</key>
				<string>YES</string>
				<key>CLANG_WARN_CONSTANT_CONVERSION</key>
				<string>YES</string>
				<key>CLANG_WARN_DIRECT_OBJC_ISA_USAGE</key>
				<string>YES_ERROR</string>
				<key>CLANG_WARN_EMPTY_BODY</key>
				<string>YES</string>
				<key>CLANG_WARN_ENUM_CONVERSION</key>
				<string>YES</string>
				<key>CLANG_WARN_INT_CONVERSION</key>
				<string>YES</string>
				<key>CLANG_WARN_OBJC_ROOT_CLASS</key>
				<string>YES_ERROR</string>
				<key>CLANG_WARN_UNREACHABLE_CODE</key>
				<string>YES</string>
				<key>CLANG_WARN__DUPLICATE_METHOD_MATCH</key>
				<string>YES</string>
				<key>CODE_SIGN_IDENTITY[sdk=iphoneos*]</key>
				<string>iPhone Developer</string>
				<key>COPY_PHASE_STRIP</key>
				<string>NO</string>
				<key>ENABLE_STRICT_OBJC_MSGSEND</key>
				<string>YES</string>
				<key>GCC_C_LANGUAGE_STANDARD</key>
				<string>gnu99</string>
				<key>GCC_DYNAMIC_NO_PIC</key>
				<string>NO</string>
				<key>GCC_OPTIMIZATION_LEVEL</key>
				<string>0</string>
				<key>GCC_PREPROCESSOR_DEFINITIONS</key>
				<array>
					<string>DEBUG=1</string>
					<string>$(inherited)</string>
				</array>
				<key>GCC_SYMBOLS_PRIVATE_EXTERN</key>
				<string>NO</string>
				<key>GCC_WARN_64_TO_32_BIT_CONVERSION</key>
				<string>YES</string>
				<key>GCC_WARN_ABOUT_RETURN_TYPE</key>
				<string>YES_ERROR</string>
				<key>GCC_WARN_UNDECLARED_SELECTOR</key>
				<string>YES</string>
				<key>GCC_WARN_UNINITIALIZED_AUTOS</key>
				<string>YES_AGGRESSIVE</string>
				<key>GCC_WARN_UNUSED_FUNCTION</key>
				<string>YES</string>
				<key>GCC_WARN_UNUSED_VARIABLE</key>
				<string>YES</string>
				<key>IPHONEOS_DEPLOYMENT_TARGET</key>
				<string>8.1</string>
				<key>MTL_ENABLE_DEBUG_INFO</key>
				<string>YES</string>
				<key>ONLY_ACTIVE_ARCH</key>
				<string>YES</string>
				<key>SDKROOT</key>
				<string>iphoneos</string>
				<key>SWIFT_OPTIMIZATION_LEVEL</key>
				<string>-Onone</string>
			</dict>
			<key>isa</key>
			<string>XCBuildConfiguration</string>
			<key>name</key>
			<string>Debug</string>
		</dict>
		<key>10C5E4341A8072810071C934</key>
		<dict>
			<key>buildSettings</key>
			<dict>
				<key>ALWAYS_SEARCH_USER_PATHS</key>
				<string>NO</string>
				<key>CLANG_CXX_LANGUAGE_STANDARD</key>
				<string>gnu++0x</string>
				<key>CLANG_CXX_LIBRARY</key>
				<string>libc++</string>
				<key>CLANG_ENABLE_MODULES</key>
				<string>YES</string>
				<key>CLANG_ENABLE_OBJC_ARC</key>
				<string>YES</string>
				<key>CLANG_WARN_BOOL_CONVERSION</key>
				<string>YES</string>
				<key>CLANG_WARN_CONSTANT_CONVERSION</key>
				<string>YES</string>
				<key>CLANG_WARN_DIRECT_OBJC_ISA_USAGE</key>
				<string>YES_ERROR</string>
				<key>CLANG_WARN_EMPTY_BODY</key>
				<string>YES</string>
				<key>CLANG_WARN_ENUM_CONVERSION</key>
				<string>YES</string>
				<key>CLANG_WARN_INT_CONVERSION</key>
				<string>YES</string>
				<key>CLANG_WARN_OBJC_ROOT_CLASS</key>
				<string>YES_ERROR</string>
				<key>CLANG_WARN_UNREACHABLE_CODE</key>
				<string>YES</string>
				<key>CLANG_WARN__DUPLICATE_METHOD_MATCH</key>
				<string>YES</string>
				<key>CODE_SIGN_IDENTITY[sdk=iphoneos*]</key>
				<string>iPhone Developer</string>
				<key>COPY_PHASE_STRIP</key>
				<string>YES</string>
				<key>ENABLE_NS_ASSERTIONS</key>
				<string>NO</string>
				<key>ENABLE_STRICT_OBJC_MSGSEND</key>
				<string>YES</string>
				<key>GCC_C_LANGUAGE_STANDARD</key>
				<string>gnu99</string>
				<key>GCC_WARN_64_TO_32_BIT_CONVERSION</key>
				<string>YES</string>
				<key>GCC_WARN_ABOUT_RETURN_TYPE</key>
				<string>YES_ERROR</string>
				<key>GCC_WARN_UNDECLARED_SELECTOR</key>
				<string>YES</string>
				<key>GCC_WARN_UNINITIALIZED_AUTOS</key>
				<string>YES_AGGRESSIVE</string>
				<key>GCC_WARN_UNUSED_FUNCTION</key>
				<string>YES</string>
				<key>GCC_WARN_UNUSED_VARIABLE</key>
				<string>YES</string>
				<key>IPHONEOS_DEPLOYMENT_TARGET</key>
				<string>8.1</string>
				<key>MTL_ENABLE_DEBUG_INFO</key>
				<string>NO</string>
				<key>SDKROOT</key>
				<string>iphoneos</string>
				<key>VALIDATE_PRODUCT</key>
				<string>YES</string>
			</dict>
			<key>isa</key>
			<string>XCBuildConfiguration</string>
			<key>name</key>
			<string>Release</string>
		</dict>
		<key>10C5E4351A8072810071C934</key>
		<dict>
			<key>buildConfigurations</key>
			<array>
				<string>10C5E4361A8072810071C934</string>
				<string>10C5E4371A8072810071C934</string>
			</array>
			<key>defaultConfigurationIsVisible</key>
			<string>0</string>
			<key>defaultConfigurationName</key>
			<string>Release</string>
			<key>isa</key>
			<string>XCConfigurationList</string>
		</dict>
		<key>10C5E4361A8072810071C934</key>
		<dict>
			<key>buildSettings</key>
			<dict>
				<key>ASSETCATALOG_COMPILER_APPICON_NAME</key>
				<string>AppIcon</string>
				<key>CLANG_ENABLE_MODULES</key>
				<string>YES</string>
				<key>DEFINES_MODULE</key>
				<string>YES</string>
				<key>INFOPLIST_FILE</key>
				<string>Pragati/Info.plist</string>
				<key>LD_RUNPATH_SEARCH_PATHS</key>
				<string>$(inherited) @executable_path/Frameworks</string>
				<key>PRODUCT_NAME</key>
				<string>$(TARGET_NAME)</string>
				<key>SWIFT_OBJC_BRIDGING_HEADER</key>
				<string>Pragati/Pragati-Bridging-Header.h</string>
				<key>SWIFT_OPTIMIZATION_LEVEL</key>
				<string>-Onone</string>
			</dict>
			<key>isa</key>
			<string>XCBuildConfiguration</string>
			<key>name</key>
			<string>Debug</string>
		</dict>
		<key>10C5E4371A8072810071C934</key>
		<dict>
			<key>buildSettings</key>
			<dict>
				<key>ASSETCATALOG_COMPILER_APPICON_NAME</key>
				<string>AppIcon</string>
				<key>CLANG_ENABLE_MODULES</key>
				<string>YES</string>
				<key>DEFINES_MODULE</key>
				<string>YES</string>
				<key>INFOPLIST_FILE</key>
				<string>Pragati/Info.plist</string>
				<key>LD_RUNPATH_SEARCH_PATHS</key>
				<string>$(inherited) @executable_path/Frameworks</string>
				<key>PRODUCT_NAME</key>
				<string>$(TARGET_NAME)</string>
				<key>SWIFT_OBJC_BRIDGING_HEADER</key>
				<string>Pragati/Pragati-Bridging-Header.h</string>
			</dict>
			<key>isa</key>
			<string>XCBuildConfiguration</string>
			<key>name</key>
			<string>Release</string>
		</dict>
		<key>10C5E4381A8072810071C934</key>
		<dict>
			<key>buildConfigurations</key>
			<array>
				<string>10C5E4391A8072810071C934</string>
				<string>10C5E43A1A8072810071C934</string>
			</array>
			<key>defaultConfigurationIsVisible</key>
			<string>0</string>
			<key>defaultConfigurationName</key>
			<string>Release</string>
			<key>isa</key>
			<string>XCConfigurationList</string>
		</dict>
		<key>10C5E4391A8072810071C934</key>
		<dict>
			<key>buildSettings</key>
			<dict>
				<key>BUNDLE_LOADER</key>
				<string>$(TEST_HOST)</string>
				<key>FRAMEWORK_SEARCH_PATHS</key>
				<array>
					<string>$(SDKROOT)/Developer/Library/Frameworks</string>
					<string>$(inherited)</string>
				</array>
				<key>GCC_PREPROCESSOR_DEFINITIONS</key>
				<array>
					<string>DEBUG=1</string>
					<string>$(inherited)</string>
				</array>
				<key>INFOPLIST_FILE</key>
				<string>PragatiTests/Info.plist</string>
				<key>LD_RUNPATH_SEARCH_PATHS</key>
				<string>$(inherited) @executable_path/Frameworks @loader_path/Frameworks</string>
				<key>PRODUCT_NAME</key>
				<string>$(TARGET_NAME)</string>
				<key>TEST_HOST</key>
				<string>$(BUILT_PRODUCTS_DIR)/Pragati.app/Pragati</string>
			</dict>
			<key>isa</key>
			<string>XCBuildConfiguration</string>
			<key>name</key>
			<string>Debug</string>
		</dict>
		<key>10C5E43A1A8072810071C934</key>
		<dict>
			<key>buildSettings</key>
			<dict>
				<key>BUNDLE_LOADER</key>
				<string>$(TEST_HOST)</string>
				<key>FRAMEWORK_SEARCH_PATHS</key>
				<array>
					<string>$(SDKROOT)/Developer/Library/Frameworks</string>
					<string>$(inherited)</string>
				</array>
				<key>INFOPLIST_FILE</key>
				<string>PragatiTests/Info.plist</string>
				<key>LD_RUNPATH_SEARCH_PATHS</key>
				<string>$(inherited) @executable_path/Frameworks @loader_path/Frameworks</string>
				<key>PRODUCT_NAME</key>
				<string>$(TARGET_NAME)</string>
				<key>TEST_HOST</key>
				<string>$(BUILT_PRODUCTS_DIR)/Pragati.app/Pragati</string>
			</dict>
			<key>isa</key>
			<string>XCBuildConfiguration</string>
			<key>name</key>
			<string>Release</string>
		</dict>
		<key>10C5E43B1A8078890071C934</key>
		<dict>
			<key>fileEncoding</key>
			<string>4</string>
			<key>isa</key>
			<string>PBXFileReference</string>
			<key>lastKnownFileType</key>
			<string>sourcecode.swift</string>
			<key>path</key>
			<string>AsanaTableViewController.swift</string>
			<key>sourceTree</key>
			<string>&lt;group&gt;</string>
		</dict>
		<key>10C5E43D1A8078C80071C934</key>
		<dict>
			<key>fileEncoding</key>
			<string>4</string>
			<key>isa</key>
			<string>PBXFileReference</string>
			<key>lastKnownFileType</key>
			<string>sourcecode.swift</string>
			<key>path</key>
			<string>Asana.swift</string>
			<key>sourceTree</key>
			<string>&lt;group&gt;</string>
		</dict>
		<key>10C5E43E1A8078C80071C934</key>
		<dict>
			<key>fileRef</key>
			<string>10C5E43D1A8078C80071C934</string>
			<key>isa</key>
			<string>PBXBuildFile</string>
		</dict>
		<key>10C5E43F1A80794C0071C934</key>
		<dict>
			<key>fileEncoding</key>
			<string>4</string>
			<key>isa</key>
			<string>PBXFileReference</string>
			<key>lastKnownFileType</key>
			<string>sourcecode.swift</string>
			<key>path</key>
			<string>SampleData.swift</string>
			<key>sourceTree</key>
			<string>&lt;group&gt;</string>
		</dict>
		<key>10C5E4401A80794C0071C934</key>
		<dict>
			<key>fileRef</key>
			<string>10C5E43F1A80794C0071C934</string>
			<key>isa</key>
			<string>PBXBuildFile</string>
		</dict>
		<key>10C5E4431A81BBAB0071C934</key>
		<dict>
			<key>fileEncoding</key>
			<string>4</string>
			<key>isa</key>
			<string>PBXFileReference</string>
			<key>lastKnownFileType</key>
			<string>sourcecode.swift</string>
			<key>path</key>
			<string>AsanaCell.swift</string>
			<key>sourceTree</key>
			<string>&lt;group&gt;</string>
		</dict>
		<key>10C5E4441A81BBAB0071C934</key>
		<dict>
			<key>fileRef</key>
			<string>10C5E4431A81BBAB0071C934</string>
			<key>isa</key>
			<string>PBXBuildFile</string>
		</dict>
		<key>10C5E4611A81D0340071C934</key>
		<dict>
			<key>children</key>
			<array>
				<string>10C05E7E1ABF775600BB7726</string>
				<string>10DEDCFC1AB7CB0500C4283F</string>
				<string>1014755C1AAA414400EB3239</string>
				<string>1014755E1AAB45C600EB3239</string>
				<string>10C5E4621A81D0340071C934</string>
			</array>
			<key>isa</key>
			<string>PBXGroup</string>
			<key>path</key>
			<string>Resources</string>
			<key>sourceTree</key>
			<string>&lt;group&gt;</string>
		</dict>
		<key>10C5E4621A81D0340071C934</key>
		<dict>
			<key>isa</key>
			<string>PBXFileReference</string>
			<key>lastKnownFileType</key>
			<string>image.png</string>
			<key>path</key>
			<string>downwardFacingDog.png</string>
			<key>sourceTree</key>
			<string>&lt;group&gt;</string>
		</dict>
		<key>10C5E4631A81D0340071C934</key>
		<dict>
			<key>fileRef</key>
			<string>10C5E4621A81D0340071C934</string>
			<key>isa</key>
			<string>PBXBuildFile</string>
		</dict>
		<key>10C5E4681A81D4B20071C934</key>
		<dict>
			<key>fileEncoding</key>
			<string>4</string>
			<key>isa</key>
			<string>PBXFileReference</string>
			<key>lastKnownFileType</key>
			<string>sourcecode.swift</string>
			<key>path</key>
			<string>FirstViewController.swift</string>
			<key>sourceTree</key>
			<string>&lt;group&gt;</string>
		</dict>
		<key>10C5E4691A81D4B20071C934</key>
		<dict>
			<key>fileRef</key>
			<string>10C5E4681A81D4B20071C934</string>
			<key>isa</key>
			<string>PBXBuildFile</string>
		</dict>
		<key>10C5E46A1A8DA5CF0071C934</key>
		<dict>
			<key>fileEncoding</key>
			<string>4</string>
			<key>isa</key>
			<string>PBXFileReference</string>
			<key>lastKnownFileType</key>
			<string>sourcecode.swift</string>
			<key>path</key>
			<string>AsanaImageViewController.swift</string>
			<key>sourceTree</key>
			<string>&lt;group&gt;</string>
		</dict>
		<key>10C6C7761AC3798F009B274A</key>
		<dict>
			<key>children</key>
			<array>
				<string>10C6C7771AC3798F009B274A</string>
			</array>
			<key>currentVersion</key>
			<string>10C6C7771AC3798F009B274A</string>
			<key>isa</key>
			<string>XCVersionGroup</string>
			<key>path</key>
			<string>Pragati.xcdatamodeld</string>
			<key>sourceTree</key>
			<string>&lt;group&gt;</string>
			<key>versionGroupType</key>
			<string>wrapper.xcdatamodel</string>
		</dict>
		<key>10C6C7771AC3798F009B274A</key>
		<dict>
			<key>isa</key>
			<string>PBXFileReference</string>
			<key>lastKnownFileType</key>
			<string>wrapper.xcdatamodel</string>
			<key>path</key>
			<string>Pragati.xcdatamodel</string>
			<key>sourceTree</key>
			<string>&lt;group&gt;</string>
		</dict>
		<key>10C6C7781AC3798F009B274A</key>
		<dict>
			<key>fileRef</key>
			<string>10C6C7761AC3798F009B274A</string>
			<key>isa</key>
			<string>PBXBuildFile</string>
		</dict>
		<key>10C7129F1AA8ECBA003CAE20</key>
		<dict>
			<key>fileEncoding</key>
			<string>4</string>
			<key>isa</key>
			<string>PBXFileReference</string>
			<key>lastKnownFileType</key>
			<string>sourcecode.swift</string>
			<key>path</key>
			<string>UserPhotoCollectionViewController.swift</string>
			<key>sourceTree</key>
			<string>&lt;group&gt;</string>
		</dict>
		<key>10C712A01AA8ECBA003CAE20</key>
		<dict>
			<key>fileRef</key>
			<string>10C7129F1AA8ECBA003CAE20</string>
			<key>isa</key>
			<string>PBXBuildFile</string>
		</dict>
		<key>10C712A11AA8F8C2003CAE20</key>
		<dict>
			<key>fileEncoding</key>
			<string>4</string>
			<key>isa</key>
			<string>PBXFileReference</string>
			<key>lastKnownFileType</key>
			<string>sourcecode.swift</string>
			<key>path</key>
			<string>UserPhotoCollectionViewCell.swift</string>
			<key>sourceTree</key>
			<string>&lt;group&gt;</string>
		</dict>
		<key>10C712A21AA8F8C2003CAE20</key>
		<dict>
			<key>fileRef</key>
			<string>10C712A11AA8F8C2003CAE20</string>
			<key>isa</key>
			<string>PBXBuildFile</string>
		</dict>
		<key>10C712A31AAA39D0003CAE20</key>
		<dict>
			<key>fileEncoding</key>
			<string>4</string>
			<key>isa</key>
			<string>PBXFileReference</string>
			<key>lastKnownFileType</key>
			<string>sourcecode.swift</string>
			<key>path</key>
			<string>DisplayUserAsanaImageViewController.swift</string>
			<key>sourceTree</key>
			<string>&lt;group&gt;</string>
		</dict>
		<key>10C712A41AAA39D0003CAE20</key>
		<dict>
			<key>fileRef</key>
			<string>10C712A31AAA39D0003CAE20</string>
			<key>isa</key>
			<string>PBXBuildFile</string>
		</dict>
		<key>10D1B0C21ACCE5ED008217DA</key>
		<dict>
			<key>fileEncoding</key>
			<string>4</string>
			<key>isa</key>
			<string>PBXFileReference</string>
			<key>lastKnownFileType</key>
			<string>sourcecode.c.h</string>
			<key>path</key>
			<string>UpwardBowPose.h</string>
			<key>sourceTree</key>
			<string>&lt;group&gt;</string>
		</dict>
		<key>10D1B0C31ACCE5ED008217DA</key>
		<dict>
			<key>fileEncoding</key>
			<string>4</string>
			<key>isa</key>
			<string>PBXFileReference</string>
			<key>lastKnownFileType</key>
			<string>sourcecode.c.objc</string>
			<key>path</key>
			<string>UpwardBowPose.m</string>
			<key>sourceTree</key>
			<string>&lt;group&gt;</string>
		</dict>
		<key>10D1B0C41ACCE5ED008217DA</key>
		<dict>
			<key>fileRef</key>
			<string>10D1B0C31ACCE5ED008217DA</string>
			<key>isa</key>
			<string>PBXBuildFile</string>
		</dict>
		<key>10D1B0C51ACCE5EE008217DA</key>
		<dict>
			<key>fileEncoding</key>
			<string>4</string>
			<key>isa</key>
			<string>PBXFileReference</string>
			<key>lastKnownFileType</key>
			<string>sourcecode.c.h</string>
			<key>path</key>
			<string>TriangleLeft.h</string>
			<key>sourceTree</key>
			<string>&lt;group&gt;</string>
		</dict>
		<key>10D1B0C61ACCE5EE008217DA</key>
		<dict>
			<key>fileEncoding</key>
			<string>4</string>
			<key>isa</key>
			<string>PBXFileReference</string>
			<key>lastKnownFileType</key>
			<string>sourcecode.c.objc</string>
			<key>path</key>
			<string>TriangleLeft.m</string>
			<key>sourceTree</key>
			<string>&lt;group&gt;</string>
		</dict>
		<key>10D1B0C71ACCE5EE008217DA</key>
		<dict>
			<key>fileRef</key>
			<string>10D1B0C61ACCE5EE008217DA</string>
			<key>isa</key>
			<string>PBXBuildFile</string>
		</dict>
		<key>10D1B0C81ACCE5EE008217DA</key>
		<dict>
			<key>fileEncoding</key>
			<string>4</string>
			<key>isa</key>
			<string>PBXFileReference</string>
			<key>lastKnownFileType</key>
			<string>sourcecode.c.h</string>
			<key>path</key>
			<string>TriangleRight.h</string>
			<key>sourceTree</key>
			<string>&lt;group&gt;</string>
		</dict>
		<key>10D1B0C91ACCE5EE008217DA</key>
		<dict>
			<key>fileEncoding</key>
			<string>4</string>
			<key>isa</key>
			<string>PBXFileReference</string>
			<key>lastKnownFileType</key>
			<string>sourcecode.c.objc</string>
			<key>path</key>
			<string>TriangleRight.m</string>
			<key>sourceTree</key>
			<string>&lt;group&gt;</string>
		</dict>
		<key>10D1B0CA1ACCE5EE008217DA</key>
		<dict>
			<key>fileRef</key>
			<string>10D1B0C91ACCE5EE008217DA</string>
			<key>isa</key>
			<string>PBXBuildFile</string>
		</dict>
		<key>10D1B0CB1ACCE67F008217DA</key>
		<dict>
			<key>children</key>
			<array>
				<string>10C494AF1AC4F71700E27737</string>
				<string>10C6C7761AC3798F009B274A</string>
				<string>10D1B0C81ACCE5EE008217DA</string>
				<string>10D1B0C91ACCE5EE008217DA</string>
				<string>10D1B0C51ACCE5EE008217DA</string>
				<string>10D1B0C61ACCE5EE008217DA</string>
				<string>10D1B0C21ACCE5ED008217DA</string>
				<string>10D1B0C31ACCE5ED008217DA</string>
				<string>10C494B01AC4F71800E27737</string>
				<string>10C494B11AC4F71800E27737</string>
			</array>
			<key>isa</key>
			<string>PBXGroup</string>
			<key>name</key>
			<string>CoreData</string>
			<key>sourceTree</key>
			<string>&lt;group&gt;</string>
		</dict>
		<key>10D1B0CC1ACE29D9008217DA</key>
		<dict>
			<key>fileEncoding</key>
			<string>4</string>
			<key>isa</key>
			<string>PBXFileReference</string>
			<key>lastKnownFileType</key>
			<string>sourcecode.swift</string>
			<key>path</key>
			<string>AsanaTest.swift</string>
			<key>sourceTree</key>
			<string>&lt;group&gt;</string>
		</dict>
		<key>10D1B0D31AD5F093008217DA</key>
		<dict>
			<key>fileRef</key>
			<string>10C5E43B1A8078890071C934</string>
			<key>isa</key>
			<string>PBXBuildFile</string>
		</dict>
		<key>10D1B0D91AD5F0F0008217DA</key>
		<dict>
			<key>fileRef</key>
			<string>10D1B0CC1ACE29D9008217DA</string>
			<key>isa</key>
			<string>PBXBuildFile</string>
		</dict>
		<key>10D1B0DD1AD5FFD3008217DA</key>
		<dict>
			<key>fileRef</key>
			<string>10C5E43D1A8078C80071C934</string>
			<key>isa</key>
			<string>PBXBuildFile</string>
		</dict>
		<key>10DEDCFC1AB7CB0500C4283F</key>
		<dict>
			<key>isa</key>
			<string>PBXFileReference</string>
			<key>lastKnownFileType</key>
			<string>image.jpeg</string>
			<key>name</key>
			<string>triangle.jpeg</string>
			<key>path</key>
			<string>../triangle.jpeg</string>
			<key>sourceTree</key>
			<string>&lt;group&gt;</string>
		</dict>
		<key>10DEDCFD1AB7CB0500C4283F</key>
		<dict>
			<key>fileRef</key>
			<string>10DEDCFC1AB7CB0500C4283F</string>
			<key>isa</key>
			<string>PBXBuildFile</string>
		</dict>
		<key>146107eb192ea62670c903ac</key>
		<dict>
			<key>fileRef</key>
			<string>10D1B0C61ACCE5EE008217DA</string>
			<key>isa</key>
			<string>PBXBuildFile</string>
		</dict>
		<key>15369b7688a2cf328bcedfbb</key>
		<dict>
			<key>fileRef</key>
			<string>10C712A11AA8F8C2003CAE20</string>
			<key>isa</key>
			<string>PBXBuildFile</string>
		</dict>
		<key>178f6354af19b6d7de8484aa</key>
		<dict>
			<key>fileRef</key>
			<string>10C5E4681A81D4B20071C934</string>
			<key>isa</key>
			<string>PBXBuildFile</string>
		</dict>
		<key>1d0562bce4a9b1088bbb0232</key>
		<dict>
			<key>fileRef</key>
			<string>10DEDCFC1AB7CB0500C4283F</string>
			<key>isa</key>
			<string>PBXBuildFile</string>
		</dict>
		<key>246203ab5204bf3bd72e391a</key>
		<dict>
			<key>fileRef</key>
			<string>1014755C1AAA414400EB3239</string>
			<key>isa</key>
			<string>PBXBuildFile</string>
		</dict>
		<key>263a3e96d84dba85c4b04972</key>
		<dict>
			<key>fileRef</key>
			<string>10C5E4621A81D0340071C934</string>
			<key>isa</key>
			<string>PBXBuildFile</string>
		</dict>
		<key>43b9003990674323bd620f77</key>
		<dict>
			<key>fileRef</key>
			<string>10C05E7E1ABF775600BB7726</string>
			<key>isa</key>
			<string>PBXBuildFile</string>
		</dict>
		<key>502a6343a5e8d63627abfa53</key>
		<dict>
			<key>buildActionMask</key>
			<string>2147483647</string>
			<key>files</key>
			<array>
				<string>9eb190e7d6ca22b18a3f6572</string>
				<string>a06ef11afbef9e1690a37f67</string>
			</array>
			<key>isa</key>
			<string>PBXFrameworksBuildPhase</string>
			<key>runOnlyForDeploymentPostprocessing</key>
			<string>0</string>
		</dict>
		<key>52896627cdd6528c9e9afc3e</key>
		<dict>
			<key>fileEncoding</key>
			<string>4</string>
			<key>isa</key>
			<string>PBXFileReference</string>
			<key>lastKnownFileType</key>
			<string>wrapper.framework</string>
			<key>name</key>
			<string>calabash.framework</string>
			<key>path</key>
			<string>calabash.framework</string>
			<key>sourceTree</key>
			<string>&lt;group&gt;</string>
		</dict>
		<key>52be9a4cc1aa7d23eaaa0de6</key>
		<dict>
			<key>fileRef</key>
			<string>10495F211ADAF27000C0E618</string>
			<key>isa</key>
			<string>PBXBuildFile</string>
		</dict>
		<key>60cb0ba27e18bd9815afe49c</key>
		<dict>
			<key>buildConfigurationList</key>
			<string>09326367909bf1e7d77eb03d</string>
			<key>buildPhases</key>
			<array>
				<string>aa151cf1e456c94e05e37551</string>
				<string>502a6343a5e8d63627abfa53</string>
				<string>b68c9e552cf7ee994bdd1c27</string>
			</array>
			<key>buildRules</key>
			<array/>
			<key>dependencies</key>
			<array/>
			<key>isa</key>
			<string>PBXNativeTarget</string>
			<key>name</key>
			<string>Pragati-cal</string>
			<key>productName</key>
			<string>Pragati-cal</string>
			<key>productReference</key>
			<string>9246dcd0d64c4cde6b432fa4</string>
			<key>productType</key>
			<string>com.apple.product-type.application</string>
		</dict>
		<key>6e6bf50d8fe750f68b39874c</key>
		<dict>
			<key>fileRef</key>
			<string>10C5E41F1A8072800071C934</string>
			<key>isa</key>
			<string>PBXBuildFile</string>
		</dict>
		<key>74f6ffb25bd65e2e6a8d2c25</key>
		<dict>
			<key>fileRef</key>
			<string>10C5E43F1A80794C0071C934</string>
			<key>isa</key>
			<string>PBXBuildFile</string>
		</dict>
		<key>755ad4787d9626e804f2b8ea</key>
		<dict>
			<key>fileRef</key>
			<string>10C5E4191A8072800071C934</string>
			<key>isa</key>
			<string>PBXBuildFile</string>
		</dict>
		<key>7e798c5adb7d451f07c714e1</key>
		<dict>
			<key>fileEncoding</key>
			<string>4</string>
			<key>isa</key>
			<string>PBXFileReference</string>
			<key>lastKnownFileType</key>
			<string>wrapper.framework</string>
			<key>name</key>
			<string>CFNetwork.framework</string>
			<key>path</key>
			<string>System/Library/Frameworks/CFNetwork.framework</string>
			<key>sourceTree</key>
			<string>SDKROOT</string>
		</dict>
		<key>8dcc779b0e7359f8fc906bfe</key>
		<dict>
			<key>fileRef</key>
			<string>10C5E41D1A8072800071C934</string>
			<key>isa</key>
			<string>PBXBuildFile</string>
		</dict>
		<key>9246dcd0d64c4cde6b432fa4</key>
		<dict>
			<key>explicitFileType</key>
			<string>wrapper.application</string>
			<key>includeInIndex</key>
			<string>0</string>
			<key>isa</key>
			<string>PBXFileReference</string>
			<key>path</key>
			<string>Pragati-cal.app</string>
			<key>sourceTree</key>
			<string>BUILT_PRODUCTS_DIR</string>
		</dict>
		<key>9eb190e7d6ca22b18a3f6572</key>
		<dict>
			<key>fileRef</key>
			<string>7e798c5adb7d451f07c714e1</string>
			<key>isa</key>
			<string>PBXBuildFile</string>
		</dict>
		<key>a06ef11afbef9e1690a37f67</key>
		<dict>
			<key>fileRef</key>
			<string>52896627cdd6528c9e9afc3e</string>
			<key>isa</key>
			<string>PBXBuildFile</string>
		</dict>
		<key>a3e5348007c7e85c424db660</key>
		<dict>
			<key>fileRef</key>
			<string>10D1B0C91ACCE5EE008217DA</string>
			<key>isa</key>
			<string>PBXBuildFile</string>
		</dict>
		<key>aa151cf1e456c94e05e37551</key>
		<dict>
			<key>buildActionMask</key>
			<string>2147483647</string>
			<key>files</key>
			<array>
				<string>a3e5348007c7e85c424db660</string>
				<string>74f6ffb25bd65e2e6a8d2c25</string>
				<string>c1920744044c849a8dce7296</string>
				<string>b120853433d40cff5eef3f75</string>
				<string>bc38f48a7e5a80065d3e7b07</string>
				<string>dfdad977a5a7d9efb210d8f8</string>
				<string>52be9a4cc1aa7d23eaaa0de6</string>
				<string>ab1717b6fcc627bed08e738f</string>
				<string>8dcc779b0e7359f8fc906bfe</string>
				<string>c393001a2baf516dbe99ce45</string>
				<string>dfcdfadc255b15c6e5d52093</string>
				<string>15369b7688a2cf328bcedfbb</string>
				<string>146107eb192ea62670c903ac</string>
				<string>051fdb3b32fdb3d486ca37f3</string>
				<string>755ad4787d9626e804f2b8ea</string>
				<string>d0fa1e3c260bc44bfcb1034a</string>
				<string>178f6354af19b6d7de8484aa</string>
				<string>d3e64cd57312f01145d6d7e5</string>
			</array>
			<key>isa</key>
			<string>PBXSourcesBuildPhase</string>
			<key>runOnlyForDeploymentPostprocessing</key>
			<string>0</string>
		</dict>
		<key>ab1717b6fcc627bed08e738f</key>
		<dict>
			<key>fileRef</key>
			<string>10C6C7761AC3798F009B274A</string>
			<key>isa</key>
			<string>PBXBuildFile</string>
		</dict>
		<key>b120853433d40cff5eef3f75</key>
		<dict>
			<key>fileRef</key>
			<string>10D1B0C31ACCE5ED008217DA</string>
			<key>isa</key>
			<string>PBXBuildFile</string>
		</dict>
		<key>b68c9e552cf7ee994bdd1c27</key>
		<dict>
			<key>buildActionMask</key>
			<string>2147483647</string>
			<key>files</key>
			<array>
				<string>6e6bf50d8fe750f68b39874c</string>
				<string>f81d3634253674b3d6fc44ba</string>
				<string>263a3e96d84dba85c4b04972</string>
				<string>246203ab5204bf3bd72e391a</string>
				<string>f866d9f79b1704f57562ce69</string>
				<string>d5be0fbaecf429541b6ec736</string>
				<string>43b9003990674323bd620f77</string>
				<string>1d0562bce4a9b1088bbb0232</string>
			</array>
			<key>isa</key>
			<string>PBXResourcesBuildPhase</string>
			<key>runOnlyForDeploymentPostprocessing</key>
			<string>0</string>
		</dict>
		<key>bc38f48a7e5a80065d3e7b07</key>
		<dict>
			<key>fileRef</key>
			<string>10C5E43B1A8078890071C934</string>
			<key>isa</key>
			<string>PBXBuildFile</string>
		</dict>
		<key>c1920744044c849a8dce7296</key>
		<dict>
			<key>fileRef</key>
			<string>10C5E43D1A8078C80071C934</string>
			<key>isa</key>
			<string>PBXBuildFile</string>
		</dict>
		<key>c393001a2baf516dbe99ce45</key>
		<dict>
			<key>fileRef</key>
			<string>10C494B11AC4F71800E27737</string>
			<key>isa</key>
			<string>PBXBuildFile</string>
		</dict>
		<key>c3a2c04426d820383ba86bac</key>
		<dict>
			<key>buildSettings</key>
			<dict>
				<key>ASSETCATALOG_COMPILER_APPICON_NAME</key>
				<string>AppIcon</string>
				<key>CLANG_ENABLE_MODULES</key>
				<string>YES</string>
				<key>DEFINES_MODULE</key>
				<string>YES</string>
				<key>FRAMEWORK_SEARCH_PATHS</key>
				<array>
					<string>$(inherited)</string>
					<string>"$(SRCROOT)"</string>
				</array>
				<key>INFOPLIST_FILE</key>
				<string>Pragati/Info.plist</string>
				<key>LD_RUNPATH_SEARCH_PATHS</key>
				<string>$(inherited) @executable_path/Frameworks</string>
				<key>OTHER_LDFLAGS</key>
				<array>
					<string>$(inherited)</string>
					<string>-force_load</string>
					<string>"$(SRCROOT)/calabash.framework/calabash"</string>
					<string>-lstdc++</string>
				</array>
				<key>PRODUCT_NAME</key>
				<string>$(TARGET_NAME)</string>
				<key>SWIFT_OBJC_BRIDGING_HEADER</key>
				<string>Pragati/Pragati-Bridging-Header.h</string>
			</dict>
			<key>isa</key>
			<string>XCBuildConfiguration</string>
			<key>name</key>
			<string>Release</string>
		</dict>
		<key>cd326409fcc242e1f3d51a11</key>
		<dict>
			<key>buildSettings</key>
			<dict>
				<key>ASSETCATALOG_COMPILER_APPICON_NAME</key>
				<string>AppIcon</string>
				<key>CLANG_ENABLE_MODULES</key>
				<string>YES</string>
				<key>DEFINES_MODULE</key>
				<string>YES</string>
				<key>FRAMEWORK_SEARCH_PATHS</key>
				<array>
					<string>$(inherited)</string>
					<string>"$(SRCROOT)"</string>
				</array>
				<key>INFOPLIST_FILE</key>
				<string>Pragati/Info.plist</string>
				<key>LD_RUNPATH_SEARCH_PATHS</key>
				<string>$(inherited) @executable_path/Frameworks</string>
				<key>OTHER_LDFLAGS</key>
				<array>
					<string>$(inherited)</string>
					<string>-force_load</string>
					<string>"$(SRCROOT)/calabash.framework/calabash"</string>
					<string>-lstdc++</string>
				</array>
				<key>PRODUCT_NAME</key>
				<string>$(TARGET_NAME)</string>
				<key>SWIFT_OBJC_BRIDGING_HEADER</key>
				<string>Pragati/Pragati-Bridging-Header.h</string>
				<key>SWIFT_OPTIMIZATION_LEVEL</key>
				<string>-Onone</string>
			</dict>
			<key>isa</key>
			<string>XCBuildConfiguration</string>
			<key>name</key>
			<string>Debug</string>
		</dict>
		<key>d0fa1e3c260bc44bfcb1034a</key>
		<dict>
			<key>fileRef</key>
			<string>10C7129F1AA8ECBA003CAE20</string>
			<key>isa</key>
			<string>PBXBuildFile</string>
		</dict>
		<key>d3e64cd57312f01145d6d7e5</key>
		<dict>
			<key>fileRef</key>
			<string>101475641AAD1F5300EB3239</string>
			<key>isa</key>
			<string>PBXBuildFile</string>
		</dict>
		<key>d5be0fbaecf429541b6ec736</key>
		<dict>
			<key>fileRef</key>
			<string>1014755E1AAB45C600EB3239</string>
			<key>isa</key>
			<string>PBXBuildFile</string>
		</dict>
		<key>dfcdfadc255b15c6e5d52093</key>
		<dict>
			<key>fileRef</key>
			<string>10C05E7C1ABF65B200BB7726</string>
			<key>isa</key>
			<string>PBXBuildFile</string>
		</dict>
		<key>dfdad977a5a7d9efb210d8f8</key>
		<dict>
			<key>fileRef</key>
			<string>10C712A31AAA39D0003CAE20</string>
			<key>isa</key>
			<string>PBXBuildFile</string>
		</dict>
		<key>f81d3634253674b3d6fc44ba</key>
		<dict>
			<key>fileRef</key>
			<string>10C5E4241A8072800071C934</string>
			<key>isa</key>
			<string>PBXBuildFile</string>
		</dict>
		<key>f866d9f79b1704f57562ce69</key>
		<dict>
			<key>fileRef</key>
			<string>10C5E4221A8072800071C934</string>
			<key>isa</key>
			<string>PBXBuildFile</string>
		</dict>
	</dict>
	<key>rootObject</key>
	<string>10C5E40C1A8072800071C934</string>
</dict>
</plist>
